{
  "name": "vue-music",
  "version": "1.0.0",
  "lockfileVersion": 1,
  "requires": true,
  "dependencies": {
    "axios": {
      "version": "0.18.0",
      "resolved": "http://registry.npm.taobao.org/axios/download/axios-0.18.0.tgz",
      "integrity": "sha1-MtU+SFHv3AoRmTts0AB4nXDAUQI=",
      "requires": {
        "follow-redirects": "1.5.0",
        "is-buffer": "1.1.6"
      }
    },
    "babel-runtime": {
      "version": "6.26.0",
      "resolved": "http://registry.npm.taobao.org/babel-runtime/download/babel-runtime-6.26.0.tgz",
      "integrity": "sha1-llxwWGaOgrVde/4E/yM3vItWR/4=",
      "requires": {
        "core-js": "2.5.7",
        "regenerator-runtime": "0.11.1"
      }
    },
    "better-scroll": {
      "version": "1.12.1",
      "resolved": "http://registry.npm.taobao.org/better-scroll/download/better-scroll-1.12.1.tgz",
      "integrity": "sha1-a0az//hCFTQuIQAqWFCJA0/1hKw=",
      "requires": {
        "babel-runtime": "6.26.0"
      }
    },
    "core-js": {
      "version": "2.5.7",
      "resolved": "http://registry.npm.taobao.org/core-js/download/core-js-2.5.7.tgz",
      "integrity": "sha1-+XJgj/DOrWi4QaFqky0LGDeRgU4="
    },
    "create-keyframe-animation": {
      "version": "0.1.0",
      "resolved": "http://registry.npm.taobao.org/create-keyframe-animation/download/create-keyframe-animation-0.1.0.tgz",
      "integrity": "sha1-Brjz4I7PtT+Afu2RBD5cocQNWYc=",
      "requires": {
        "load-styles": "2.0.0",
        "lodash.defaults": "3.1.2",
        "native-promisify-if-present": "1.0.1",
        "prefixed-event": "1.0.4",
        "transform-property": "0.0.1"
      }
    },
    "debug": {
      "version": "3.1.0",
      "resolved": "http://registry.npm.taobao.org/debug/download/debug-3.1.0.tgz",
      "integrity": "sha1-W7WgZyYotkFJVmuhaBnmFRjGcmE=",
      "requires": {
        "ms": "2.0.0"
      }
    },
    "fastclick": {
      "version": "1.0.6",
      "resolved": "http://registry.npm.taobao.org/fastclick/download/fastclick-1.0.6.tgz",
      "integrity": "sha1-FhYlsnsaWAZAWTa9qaLBkm0Gvmo="
    },
    "follow-redirects": {
      "version": "1.5.0",
      "resolved": "http://registry.npm.taobao.org/follow-redirects/download/follow-redirects-1.5.0.tgz",
      "integrity": "sha1-I09Jz3cLfzW0DnkPY2zroMOgq3c=",
      "requires": {
        "debug": "3.1.0"
      }
    },
    "good-storage": {
      "version": "1.0.1",
      "resolved": "http://registry.npm.taobao.org/good-storage/download/good-storage-1.0.1.tgz",
      "integrity": "sha1-ntgptl4rGQib7vuEzKFfZW0kg9k=",
      "requires": {
        "babel-runtime": "6.26.0"
      }
    },
    "is-buffer": {
      "version": "1.1.6",
      "resolved": "http://registry.npm.taobao.org/is-buffer/download/is-buffer-1.1.6.tgz",
      "integrity": "sha1-76ouqdqg16suoTqXsritUf776L4="
    },
    "is-function": {
      "version": "1.0.1",
      "resolved": "http://registry.npm.taobao.org/is-function/download/is-function-1.0.1.tgz",
      "integrity": "sha1-Es+5i2W1fdPRk6MSH19uL0N2ArU="
    },
    "js-base64": {
      "version": "2.4.5",
      "resolved": "http://registry.npm.taobao.org/js-base64/download/js-base64-2.4.5.tgz",
      "integrity": "sha1-4pPNPHyC8HDXAPx6HKCi5p8QH5I="
    },
    "jsonp": {
      "version": "0.2.1",
      "resolved": "http://registry.npm.taobao.org/jsonp/download/jsonp-0.2.1.tgz",
      "integrity": "sha1-pltPoPEL2nGaBUQep7lMVfPhW64=",
      "requires": {
        "debug": "2.6.9"
      },
      "dependencies": {
        "debug": {
          "version": "2.6.9",
          "resolved": "http://registry.npm.taobao.org/debug/download/debug-2.6.9.tgz",
          "integrity": "sha1-XRKFFd8TT/Mn6QpMk/Tgd6U2NB8=",
          "requires": {
            "ms": "2.0.0"
          }
        }
      }
    },
    "load-styles": {
      "version": "2.0.0",
      "resolved": "http://registry.npm.taobao.org/load-styles/download/load-styles-2.0.0.tgz",
      "integrity": "sha1-oJAcj4DvDIaUVOtYC078LwvkhHE="
    },
    "lodash._baseassign": {
      "version": "3.2.0",
      "resolved": "http://registry.npm.taobao.org/lodash._baseassign/download/lodash._baseassign-3.2.0.tgz",
      "integrity": "sha1-jDigmVAPIVrQnlnxci/QxSv+Ck4=",
      "requires": {
        "lodash._basecopy": "3.0.1",
        "lodash.keys": "3.1.2"
      }
    },
    "lodash._basecopy": {
      "version": "3.0.1",
      "resolved": "http://registry.npm.taobao.org/lodash._basecopy/download/lodash._basecopy-3.0.1.tgz",
      "integrity": "sha1-jaDmqHbPNEwK2KVIghEd08XHyjY="
    },
    "lodash._bindcallback": {
      "version": "3.0.1",
      "resolved": "http://registry.npm.taobao.org/lodash._bindcallback/download/lodash._bindcallback-3.0.1.tgz",
      "integrity": "sha1-5THCdkTPi1epnhftlbNcdIeJOS4="
    },
    "lodash._createassigner": {
      "version": "3.1.1",
      "resolved": "http://registry.npm.taobao.org/lodash._createassigner/download/lodash._createassigner-3.1.1.tgz",
      "integrity": "sha1-g4pbri/aymOsIt7o4Z+k5taXCxE=",
      "requires": {
        "lodash._bindcallback": "3.0.1",
        "lodash._isiterateecall": "3.0.9",
        "lodash.restparam": "3.6.1"
      }
    },
    "lodash._getnative": {
      "version": "3.9.1",
      "resolved": "http://registry.npm.taobao.org/lodash._getnative/download/lodash._getnative-3.9.1.tgz",
      "integrity": "sha1-VwvH3t5G1hzc3mh9ZdPuy6o6r/U="
    },
    "lodash._isiterateecall": {
      "version": "3.0.9",
      "resolved": "http://registry.npm.taobao.org/lodash._isiterateecall/download/lodash._isiterateecall-3.0.9.tgz",
      "integrity": "sha1-UgOte6Ql+uhCRg5pbbnPPmqsBXw="
    },
    "lodash.assign": {
      "version": "3.2.0",
      "resolved": "http://registry.npm.taobao.org/lodash.assign/download/lodash.assign-3.2.0.tgz",
      "integrity": "sha1-POnwI0tLIiPilrj6CsH+6OvKZPo=",
      "requires": {
        "lodash._baseassign": "3.2.0",
        "lodash._createassigner": "3.1.1",
        "lodash.keys": "3.1.2"
      }
    },
    "lodash.defaults": {
      "version": "3.1.2",
      "resolved": "http://registry.npm.taobao.org/lodash.defaults/download/lodash.defaults-3.1.2.tgz",
      "integrity": "sha1-xzCLGNv4vJNy1wGnNJPGEZK9Liw=",
      "requires": {
        "lodash.assign": "3.2.0",
        "lodash.restparam": "3.6.1"
      }
    },
    "lodash.isarguments": {
      "version": "3.1.0",
      "resolved": "http://registry.npm.taobao.org/lodash.isarguments/download/lodash.isarguments-3.1.0.tgz",
      "integrity": "sha1-L1c9hcaiQon/AGY7SRwdM4/zRYo="
    },
    "lodash.isarray": {
      "version": "3.0.4",
      "resolved": "http://registry.npm.taobao.org/lodash.isarray/download/lodash.isarray-3.0.4.tgz",
      "integrity": "sha1-eeTriMNqgSKvhvhEqpvNhRtfu1U="
    },
    "lodash.keys": {
      "version": "3.1.2",
      "resolved": "http://registry.npm.taobao.org/lodash.keys/download/lodash.keys-3.1.2.tgz",
      "integrity": "sha1-TbwEcrFWvlCgsoaFXRvQsMZWCYo=",
      "requires": {
        "lodash._getnative": "3.9.1",
        "lodash.isarguments": "3.1.0",
        "lodash.isarray": "3.0.4"
      }
    },
    "lodash.restparam": {
      "version": "3.6.1",
      "resolved": "http://registry.npm.taobao.org/lodash.restparam/download/lodash.restparam-3.6.1.tgz",
      "integrity": "sha1-k2pOMJ7zMKdkXtQUWYbIWuWyCAU="
    },
    "lyric-parser": {
      "version": "1.0.1",
      "resolved": "http://registry.npm.taobao.org/lyric-parser/download/lyric-parser-1.0.1.tgz",
      "integrity": "sha1-ofiqd2U8+Ufs+U31HV+Bavye1Ew="
    },
    "ms": {
      "version": "2.0.0",
      "resolved": "http://registry.npm.taobao.org/ms/download/ms-2.0.0.tgz",
      "integrity": "sha1-VgiurfwAvmwpAd9fmGF4jeDVl8g="
    },
    "native-promisify-if-present": {
      "version": "1.0.1",
      "resolved": "http://registry.npm.taobao.org/native-promisify-if-present/download/native-promisify-if-present-1.0.1.tgz",
      "integrity": "sha1-eMebDcOcWpSzrQ9Gd9ZLcXD0guI=",
      "requires": {
        "is-function": "1.0.1"
      }
    },
    "prefixed-event": {
      "version": "1.0.4",
      "resolved": "http://registry.npm.taobao.org/prefixed-event/download/prefixed-event-1.0.4.tgz",
      "integrity": "sha1-I+klzfsQmq6qQeyR04yRxREEKqc="
    },
    "regenerator-runtime": {
      "version": "0.11.1",
      "resolved": "http://registry.npm.taobao.org/regenerator-runtime/download/regenerator-runtime-0.11.1.tgz",
      "integrity": "sha1-vgWtf5v30i4Fb5cmzuUBf78Z4uk="
    },
    "transform-property": {
      "version": "0.0.1",
      "resolved": "http://registry.npm.taobao.org/transform-property/download/transform-property-0.0.1.tgz",
      "integrity": "sha1-SGNmL51eW7jwwAZI7/CL6xT9ZfI="
    },
    "vue-lazyload": {
      "version": "1.2.6",
      "resolved": "http://registry.npm.taobao.org/vue-lazyload/download/vue-lazyload-1.2.6.tgz",
      "integrity": "sha1-uqBMFy1SqBJgjrEsemv7FPXJEHk="
    },
    "vuex": {
      "version": "3.0.1",
      "resolved": "http://registry.npm.taobao.org/vuex/download/vuex-3.0.1.tgz",
      "integrity": "sha1-52E1Lr4K9TfUu3Vam53Evj3379I="
    }
  }
}
